// !$*UTF8*$!
{
	archiveVersion = 1;
	classes = {
	};
	objectVersion = 56;
	objects = {

/* Begin PBXBuildFile section */
		181CA2A92C2AC5D800FDE4BF /* GameVC.swift in Sources */ = {isa = PBXBuildFile; fileRef = 181CA2A82C2AC5D800FDE4BF /* GameVC.swift */; };
		181CA2AB2C2AC5DE00FDE4BF /* GameScene.swift in Sources */ = {isa = PBXBuildFile; fileRef = 181CA2AA2C2AC5DE00FDE4BF /* GameScene.swift */; };
		181CA2AE2C2AC8C600FDE4BF /* Settings.swift in Sources */ = {isa = PBXBuildFile; fileRef = 181CA2AD2C2AC8C600FDE4BF /* Settings.swift */; };
		181CA2B02C2AC90700FDE4BF /* UD.swift in Sources */ = {isa = PBXBuildFile; fileRef = 181CA2AF2C2AC90700FDE4BF /* UD.swift */; };
		181CA2B32C2AC9CD00FDE4BF /* CustomSKButton.swift in Sources */ = {isa = PBXBuildFile; fileRef = 181CA2B22C2AC9CD00FDE4BF /* CustomSKButton.swift */; };
		181CA2B52C2ACA1A00FDE4BF /* Double + Extension.swift in Sources */ = {isa = PBXBuildFile; fileRef = 181CA2B42C2ACA1A00FDE4BF /* Double + Extension.swift */; };
		1849858C2C2C1D31001E6104 /* StartVC.swift in Sources */ = {isa = PBXBuildFile; fileRef = 1849858B2C2C1D31001E6104 /* StartVC.swift */; };
		1849858E2C2C1D35001E6104 /* StartView.swift in Sources */ = {isa = PBXBuildFile; fileRef = 1849858D2C2C1D35001E6104 /* StartView.swift */; };
		184985912C2C1F56001E6104 /* SquadaOne-Regular.ttf in Resources */ = {isa = PBXBuildFile; fileRef = 184985902C2C1F56001E6104 /* SquadaOne-Regular.ttf */; };
		184985942C2C1F75001E6104 /* Inter-Regular.ttf in Resources */ = {isa = PBXBuildFile; fileRef = 184985922C2C1F75001E6104 /* Inter-Regular.ttf */; };
		184985952C2C1F75001E6104 /* Inter-Light.ttf in Resources */ = {isa = PBXBuildFile; fileRef = 184985932C2C1F75001E6104 /* Inter-Light.ttf */; };
		184985972C2C1F9E001E6104 /* Font + Extension.swift in Sources */ = {isa = PBXBuildFile; fileRef = 184985962C2C1F9E001E6104 /* Font + Extension.swift */; };
		187585372C2D86E500A70FD0 /* InfoVC.swift in Sources */ = {isa = PBXBuildFile; fileRef = 187585362C2D86E500A70FD0 /* InfoVC.swift */; };
		187585392C2D86E800A70FD0 /* InfoView.swift in Sources */ = {isa = PBXBuildFile; fileRef = 187585382C2D86E800A70FD0 /* InfoView.swift */; };
		1875853E2C2D92E000A70FD0 /* BonusVC.swift in Sources */ = {isa = PBXBuildFile; fileRef = 1875853D2C2D92E000A70FD0 /* BonusVC.swift */; };
		187585402C2D92E400A70FD0 /* BonusView.swift in Sources */ = {isa = PBXBuildFile; fileRef = 1875853F2C2D92E400A70FD0 /* BonusView.swift */; };
		187585422C2D92EB00A70FD0 /* ProfileVC.swift in Sources */ = {isa = PBXBuildFile; fileRef = 187585412C2D92EB00A70FD0 /* ProfileVC.swift */; };
		187585442C2D92EE00A70FD0 /* ProfileView.swift in Sources */ = {isa = PBXBuildFile; fileRef = 187585432C2D92EE00A70FD0 /* ProfileView.swift */; };
		187585462C2D92F500A70FD0 /* LeadersVC.swift in Sources */ = {isa = PBXBuildFile; fileRef = 187585452C2D92F500A70FD0 /* LeadersVC.swift */; };
		187585482C2D92F800A70FD0 /* LeadersView.swift in Sources */ = {isa = PBXBuildFile; fileRef = 187585472C2D92F800A70FD0 /* LeadersView.swift */; };
		1875854A2C2DA3BF00A70FD0 /* CustomSpinnerSimple.swift in Sources */ = {isa = PBXBuildFile; fileRef = 187585492C2DA3BF00A70FD0 /* CustomSpinnerSimple.swift */; };
		187FFDC82C32D6FE00D12302 /* AuthService.swift in Sources */ = {isa = PBXBuildFile; fileRef = 187FFDC72C32D6FE00D12302 /* AuthService.swift */; };
		187FFDCA2C32D70B00D12302 /* PostService.swift in Sources */ = {isa = PBXBuildFile; fileRef = 187FFDC92C32D70B00D12302 /* PostService.swift */; };
		187FFDCD2C32D72500D12302 /* CreateRequestPayload.swift in Sources */ = {isa = PBXBuildFile; fileRef = 187FFDCC2C32D72500D12302 /* CreateRequestPayload.swift */; };
		187FFDCF2C32D74C00D12302 /* GetService.swift in Sources */ = {isa = PBXBuildFile; fileRef = 187FFDCE2C32D74C00D12302 /* GetService.swift */; };
		18D76C062C29CBB200225BC5 /* AppDelegate.swift in Sources */ = {isa = PBXBuildFile; fileRef = 18D76C052C29CBB200225BC5 /* AppDelegate.swift */; };
		18D76C082C29CBB200225BC5 /* SceneDelegate.swift in Sources */ = {isa = PBXBuildFile; fileRef = 18D76C072C29CBB200225BC5 /* SceneDelegate.swift */; };
		18D76C0F2C29CBB600225BC5 /* Assets.xcassets in Resources */ = {isa = PBXBuildFile; fileRef = 18D76C0E2C29CBB600225BC5 /* Assets.xcassets */; };
		18D76C122C29CBB600225BC5 /* Base in Resources */ = {isa = PBXBuildFile; fileRef = 18D76C112C29CBB600225BC5 /* Base */; };
		18D76C1F2C29CC3700225BC5 /* HomeVC.swift in Sources */ = {isa = PBXBuildFile; fileRef = 18D76C1E2C29CC3700225BC5 /* HomeVC.swift */; };
		18D76C212C29CC3B00225BC5 /* HomeView.swift in Sources */ = {isa = PBXBuildFile; fileRef = 18D76C202C29CC3B00225BC5 /* HomeView.swift */; };
		18D76C242C29CD2100225BC5 /* SnapKit in Frameworks */ = {isa = PBXBuildFile; productRef = 18D76C232C29CD2100225BC5 /* SnapKit */; };
		18F17ECC2C2ED88300EB1A0C /* AchiView.swift in Sources */ = {isa = PBXBuildFile; fileRef = 18F17ECB2C2ED88300EB1A0C /* AchiView.swift */; };
		18F17ECE2C2EF2CE00EB1A0C /* LeadersCell.swift in Sources */ = {isa = PBXBuildFile; fileRef = 18F17ECD2C2EF2CE00EB1A0C /* LeadersCell.swift */; };
		18F17ED12C2EF2E400EB1A0C /* User.swift in Sources */ = {isa = PBXBuildFile; fileRef = 18F17ED02C2EF2E400EB1A0C /* User.swift */; };
/* End PBXBuildFile section */

/* Begin PBXFileReference section */
		181CA2A82C2AC5D800FDE4BF /* GameVC.swift */ = {isa = PBXFileReference; lastKnownFileType = sourcecode.swift; path = GameVC.swift; sourceTree = "<group>"; };
		181CA2AA2C2AC5DE00FDE4BF /* GameScene.swift */ = {isa = PBXFileReference; lastKnownFileType = sourcecode.swift; path = GameScene.swift; sourceTree = "<group>"; };
		181CA2AD2C2AC8C600FDE4BF /* Settings.swift */ = {isa = PBXFileReference; lastKnownFileType = sourcecode.swift; path = Settings.swift; sourceTree = "<group>"; };
		181CA2AF2C2AC90700FDE4BF /* UD.swift */ = {isa = PBXFileReference; lastKnownFileType = sourcecode.swift; path = UD.swift; sourceTree = "<group>"; };
		181CA2B22C2AC9CD00FDE4BF /* CustomSKButton.swift */ = {isa = PBXFileReference; lastKnownFileType = sourcecode.swift; path = CustomSKButton.swift; sourceTree = "<group>"; };
		181CA2B42C2ACA1A00FDE4BF /* Double + Extension.swift */ = {isa = PBXFileReference; lastKnownFileType = sourcecode.swift; path = "Double + Extension.swift"; sourceTree = "<group>"; };
		1849858B2C2C1D31001E6104 /* StartVC.swift */ = {isa = PBXFileReference; lastKnownFileType = sourcecode.swift; path = StartVC.swift; sourceTree = "<group>"; };
		1849858D2C2C1D35001E6104 /* StartView.swift */ = {isa = PBXFileReference; lastKnownFileType = sourcecode.swift; path = StartView.swift; sourceTree = "<group>"; };
		184985902C2C1F56001E6104 /* SquadaOne-Regular.ttf */ = {isa = PBXFileReference; lastKnownFileType = file; path = "SquadaOne-Regular.ttf"; sourceTree = "<group>"; };
		184985922C2C1F75001E6104 /* Inter-Regular.ttf */ = {isa = PBXFileReference; lastKnownFileType = file; path = "Inter-Regular.ttf"; sourceTree = "<group>"; };
		184985932C2C1F75001E6104 /* Inter-Light.ttf */ = {isa = PBXFileReference; lastKnownFileType = file; path = "Inter-Light.ttf"; sourceTree = "<group>"; };
		184985962C2C1F9E001E6104 /* Font + Extension.swift */ = {isa = PBXFileReference; lastKnownFileType = sourcecode.swift; path = "Font + Extension.swift"; sourceTree = "<group>"; };
		187585362C2D86E500A70FD0 /* InfoVC.swift */ = {isa = PBXFileReference; lastKnownFileType = sourcecode.swift; path = InfoVC.swift; sourceTree = "<group>"; };
		187585382C2D86E800A70FD0 /* InfoView.swift */ = {isa = PBXFileReference; lastKnownFileType = sourcecode.swift; path = InfoView.swift; sourceTree = "<group>"; };
		1875853D2C2D92E000A70FD0 /* BonusVC.swift */ = {isa = PBXFileReference; lastKnownFileType = sourcecode.swift; path = BonusVC.swift; sourceTree = "<group>"; };
		1875853F2C2D92E400A70FD0 /* BonusView.swift */ = {isa = PBXFileReference; lastKnownFileType = sourcecode.swift; path = BonusView.swift; sourceTree = "<group>"; };
		187585412C2D92EB00A70FD0 /* ProfileVC.swift */ = {isa = PBXFileReference; lastKnownFileType = sourcecode.swift; path = ProfileVC.swift; sourceTree = "<group>"; };
		187585432C2D92EE00A70FD0 /* ProfileView.swift */ = {isa = PBXFileReference; lastKnownFileType = sourcecode.swift; path = ProfileView.swift; sourceTree = "<group>"; };
		187585452C2D92F500A70FD0 /* LeadersVC.swift */ = {isa = PBXFileReference; lastKnownFileType = sourcecode.swift; path = LeadersVC.swift; sourceTree = "<group>"; };
		187585472C2D92F800A70FD0 /* LeadersView.swift */ = {isa = PBXFileReference; lastKnownFileType = sourcecode.swift; path = LeadersView.swift; sourceTree = "<group>"; };
		187585492C2DA3BF00A70FD0 /* CustomSpinnerSimple.swift */ = {isa = PBXFileReference; lastKnownFileType = sourcecode.swift; path = CustomSpinnerSimple.swift; sourceTree = "<group>"; };
		187FFDC72C32D6FE00D12302 /* AuthService.swift */ = {isa = PBXFileReference; lastKnownFileType = sourcecode.swift; path = AuthService.swift; sourceTree = "<group>"; };
		187FFDC92C32D70B00D12302 /* PostService.swift */ = {isa = PBXFileReference; lastKnownFileType = sourcecode.swift; path = PostService.swift; sourceTree = "<group>"; };
		187FFDCC2C32D72500D12302 /* CreateRequestPayload.swift */ = {isa = PBXFileReference; lastKnownFileType = sourcecode.swift; path = CreateRequestPayload.swift; sourceTree = "<group>"; };
		187FFDCE2C32D74C00D12302 /* GetService.swift */ = {isa = PBXFileReference; lastKnownFileType = sourcecode.swift; path = GetService.swift; sourceTree = "<group>"; };
		18D76C022C29CBB200225BC5 /* colorMatch.app */ = {isa = PBXFileReference; explicitFileType = wrapper.application; includeInIndex = 0; path = colorMatch.app; sourceTree = BUILT_PRODUCTS_DIR; };
		18D76C052C29CBB200225BC5 /* AppDelegate.swift */ = {isa = PBXFileReference; lastKnownFileType = sourcecode.swift; path = AppDelegate.swift; sourceTree = "<group>"; };
		18D76C072C29CBB200225BC5 /* SceneDelegate.swift */ = {isa = PBXFileReference; lastKnownFileType = sourcecode.swift; path = SceneDelegate.swift; sourceTree = "<group>"; };
		18D76C0E2C29CBB600225BC5 /* Assets.xcassets */ = {isa = PBXFileReference; lastKnownFileType = folder.assetcatalog; path = Assets.xcassets; sourceTree = "<group>"; };
		18D76C112C29CBB600225BC5 /* Base */ = {isa = PBXFileReference; lastKnownFileType = file.storyboard; name = Base; path = Base.lproj/LaunchScreen.storyboard; sourceTree = "<group>"; };
		18D76C132C29CBB600225BC5 /* Info.plist */ = {isa = PBXFileReference; lastKnownFileType = text.plist.xml; path = Info.plist; sourceTree = "<group>"; };
		18D76C1E2C29CC3700225BC5 /* HomeVC.swift */ = {isa = PBXFileReference; lastKnownFileType = sourcecode.swift; path = HomeVC.swift; sourceTree = "<group>"; };
		18D76C202C29CC3B00225BC5 /* HomeView.swift */ = {isa = PBXFileReference; lastKnownFileType = sourcecode.swift; path = HomeView.swift; sourceTree = "<group>"; };
		18F17ECB2C2ED88300EB1A0C /* AchiView.swift */ = {isa = PBXFileReference; lastKnownFileType = sourcecode.swift; path = AchiView.swift; sourceTree = "<group>"; };
		18F17ECD2C2EF2CE00EB1A0C /* LeadersCell.swift */ = {isa = PBXFileReference; lastKnownFileType = sourcecode.swift; path = LeadersCell.swift; sourceTree = "<group>"; };
		18F17ED02C2EF2E400EB1A0C /* User.swift */ = {isa = PBXFileReference; lastKnownFileType = sourcecode.swift; path = User.swift; sourceTree = "<group>"; };
/* End PBXFileReference section */

/* Begin PBXFrameworksBuildPhase section */
		18D76BFF2C29CBB200225BC5 /* Frameworks */ = {
			isa = PBXFrameworksBuildPhase;
			buildActionMask = 2147483647;
			files = (
				18D76C242C29CD2100225BC5 /* SnapKit in Frameworks */,
			);
			runOnlyForDeploymentPostprocessing = 0;
		};
/* End PBXFrameworksBuildPhase section */

/* Begin PBXGroup section */
		181CA2A72C2AC5C600FDE4BF /* Game */ = {
			isa = PBXGroup;
			children = (
				181CA2B12C2AC9C000FDE4BF /* Btn */,
				181CA2A82C2AC5D800FDE4BF /* GameVC.swift */,
				181CA2AA2C2AC5DE00FDE4BF /* GameScene.swift */,
			);
			path = Game;
			sourceTree = "<group>";
		};
		181CA2AC2C2AC8BB00FDE4BF /* Settings */ = {
			isa = PBXGroup;
			children = (
				181CA2AD2C2AC8C600FDE4BF /* Settings.swift */,
			);
			path = Settings;
			sourceTree = "<group>";
		};
		181CA2B12C2AC9C000FDE4BF /* Btn */ = {
			isa = PBXGroup;
			children = (
				181CA2B22C2AC9CD00FDE4BF /* CustomSKButton.swift */,
			);
			path = Btn;
			sourceTree = "<group>";
		};
		1849858F2C2C1F33001E6104 /* UIFont */ = {
			isa = PBXGroup;
			children = (
				184985932C2C1F75001E6104 /* Inter-Light.ttf */,
				184985922C2C1F75001E6104 /* Inter-Regular.ttf */,
				184985902C2C1F56001E6104 /* SquadaOne-Regular.ttf */,
			);
			path = UIFont;
			sourceTree = "<group>";
		};
		187585352C2D86D000A70FD0 /* Info */ = {
			isa = PBXGroup;
			children = (
				187585362C2D86E500A70FD0 /* InfoVC.swift */,
				187585382C2D86E800A70FD0 /* InfoView.swift */,
			);
			path = Info;
			sourceTree = "<group>";
		};
		1875853A2C2D929600A70FD0 /* Bonus */ = {
			isa = PBXGroup;
			children = (
				1875853D2C2D92E000A70FD0 /* BonusVC.swift */,
				1875853F2C2D92E400A70FD0 /* BonusView.swift */,
			);
			path = Bonus;
			sourceTree = "<group>";
		};
		1875853B2C2D92A400A70FD0 /* Profile */ = {
			isa = PBXGroup;
			children = (
				187585412C2D92EB00A70FD0 /* ProfileVC.swift */,
				187585432C2D92EE00A70FD0 /* ProfileView.swift */,
				18F17ECB2C2ED88300EB1A0C /* AchiView.swift */,
			);
			path = Profile;
			sourceTree = "<group>";
		};
		1875853C2C2D92AA00A70FD0 /* Leaders */ = {
			isa = PBXGroup;
			children = (
				187585452C2D92F500A70FD0 /* LeadersVC.swift */,
				187585472C2D92F800A70FD0 /* LeadersView.swift */,
				18F17ECD2C2EF2CE00EB1A0C /* LeadersCell.swift */,
				18F17ED02C2EF2E400EB1A0C /* User.swift */,
			);
			path = Leaders;
			sourceTree = "<group>";
		};
		187FFDC62C32D6D500D12302 /* Service */ = {
			isa = PBXGroup;
			children = (
				187FFDC72C32D6FE00D12302 /* AuthService.swift */,
				187FFDC92C32D70B00D12302 /* PostService.swift */,
				187FFDCC2C32D72500D12302 /* CreateRequestPayload.swift */,
				187FFDCE2C32D74C00D12302 /* GetService.swift */,
			);
			path = Service;
			sourceTree = "<group>";
		};
		18D76BF92C29CBB200225BC5 = {
			isa = PBXGroup;
			children = (
				18D76C042C29CBB200225BC5 /* colorMatch */,
				18D76C032C29CBB200225BC5 /* Products */,
			);
			sourceTree = "<group>";
		};
		18D76C032C29CBB200225BC5 /* Products */ = {
			isa = PBXGroup;
			children = (
				18D76C022C29CBB200225BC5 /* colorMatch.app */,
			);
			name = Products;
			sourceTree = "<group>";
		};
		18D76C042C29CBB200225BC5 /* colorMatch */ = {
			isa = PBXGroup;
			children = (
				18D76C192C29CBC100225BC5 /* App */,
				18D76C1B2C29CBE000225BC5 /* Resourse */,
				18D76C132C29CBB600225BC5 /* Info.plist */,
			);
			path = colorMatch;
			sourceTree = "<group>";
		};
		18D76C192C29CBC100225BC5 /* App */ = {
			isa = PBXGroup;
			children = (
				18D76C102C29CBB600225BC5 /* LaunchScreen.storyboard */,
				18D76C072C29CBB200225BC5 /* SceneDelegate.swift */,
				18D76C052C29CBB200225BC5 /* AppDelegate.swift */,
				18D76C1A2C29CBD000225BC5 /* Flow */,
			);
			path = App;
			sourceTree = "<group>";
		};
		18D76C1A2C29CBD000225BC5 /* Flow */ = {
			isa = PBXGroup;
			children = (
				18D76C1C2C29CC1900225BC5 /* StartGame */,
				18D76C1D2C29CC2900225BC5 /* Home */,
			);
			path = Flow;
			sourceTree = "<group>";
		};
		18D76C1B2C29CBE000225BC5 /* Resourse */ = {
			isa = PBXGroup;
			children = (
				187FFDC62C32D6D500D12302 /* Service */,
				181CA2AF2C2AC90700FDE4BF /* UD.swift */,
				181CA2B42C2ACA1A00FDE4BF /* Double + Extension.swift */,
				184985962C2C1F9E001E6104 /* Font + Extension.swift */,
				1849858F2C2C1F33001E6104 /* UIFont */,
				181CA2AC2C2AC8BB00FDE4BF /* Settings */,
				18D76C0E2C29CBB600225BC5 /* Assets.xcassets */,
			);
			path = Resourse;
			sourceTree = "<group>";
		};
		18D76C1C2C29CC1900225BC5 /* StartGame */ = {
			isa = PBXGroup;
			children = (
				1849858B2C2C1D31001E6104 /* StartVC.swift */,
				1849858D2C2C1D35001E6104 /* StartView.swift */,
				187585492C2DA3BF00A70FD0 /* CustomSpinnerSimple.swift */,
			);
			path = StartGame;
			sourceTree = "<group>";
		};
		18D76C1D2C29CC2900225BC5 /* Home */ = {
			isa = PBXGroup;
			children = (
				18D76C1E2C29CC3700225BC5 /* HomeVC.swift */,
				18D76C202C29CC3B00225BC5 /* HomeView.swift */,
				181CA2A72C2AC5C600FDE4BF /* Game */,
				1875853C2C2D92AA00A70FD0 /* Leaders */,
				187585352C2D86D000A70FD0 /* Info */,
				1875853B2C2D92A400A70FD0 /* Profile */,
				1875853A2C2D929600A70FD0 /* Bonus */,
			);
			path = Home;
			sourceTree = "<group>";
		};
/* End PBXGroup section */

/* Begin PBXNativeTarget section */
		18D76C012C29CBB200225BC5 /* colorMatch */ = {
			isa = PBXNativeTarget;
			buildConfigurationList = 18D76C162C29CBB600225BC5 /* Build configuration list for PBXNativeTarget "colorMatch" */;
			buildPhases = (
				18D76BFE2C29CBB200225BC5 /* Sources */,
				18D76BFF2C29CBB200225BC5 /* Frameworks */,
				18D76C002C29CBB200225BC5 /* Resources */,
			);
			buildRules = (
			);
			dependencies = (
			);
			name = colorMatch;
			packageProductDependencies = (
				18D76C232C29CD2100225BC5 /* SnapKit */,
			);
			productName = colorMatch;
			productReference = 18D76C022C29CBB200225BC5 /* colorMatch.app */;
			productType = "com.apple.product-type.application";
		};
/* End PBXNativeTarget section */

/* Begin PBXProject section */
		18D76BFA2C29CBB200225BC5 /* Project object */ = {
			isa = PBXProject;
			attributes = {
				BuildIndependentTargetsInParallel = 1;
				LastSwiftUpdateCheck = 1530;
				LastUpgradeCheck = 1530;
				TargetAttributes = {
					18D76C012C29CBB200225BC5 = {
						CreatedOnToolsVersion = 15.3;
					};
				};
			};
			buildConfigurationList = 18D76BFD2C29CBB200225BC5 /* Build configuration list for PBXProject "colorMatch" */;
			compatibilityVersion = "Xcode 14.0";
			developmentRegion = en;
			hasScannedForEncodings = 0;
			knownRegions = (
				en,
				Base,
			);
			mainGroup = 18D76BF92C29CBB200225BC5;
			packageReferences = (
				18D76C222C29CD2100225BC5 /* XCRemoteSwiftPackageReference "SnapKit" */,
			);
			productRefGroup = 18D76C032C29CBB200225BC5 /* Products */;
			projectDirPath = "";
			projectRoot = "";
			targets = (
				18D76C012C29CBB200225BC5 /* colorMatch */,
			);
		};
/* End PBXProject section */

/* Begin PBXResourcesBuildPhase section */
		18D76C002C29CBB200225BC5 /* Resources */ = {
			isa = PBXResourcesBuildPhase;
			buildActionMask = 2147483647;
			files = (
				184985952C2C1F75001E6104 /* Inter-Light.ttf in Resources */,
				18D76C0F2C29CBB600225BC5 /* Assets.xcassets in Resources */,
				184985912C2C1F56001E6104 /* SquadaOne-Regular.ttf in Resources */,
				184985942C2C1F75001E6104 /* Inter-Regular.ttf in Resources */,
				18D76C122C29CBB600225BC5 /* Base in Resources */,
			);
			runOnlyForDeploymentPostprocessing = 0;
		};
/* End PBXResourcesBuildPhase section */

/* Begin PBXSourcesBuildPhase section */
		18D76BFE2C29CBB200225BC5 /* Sources */ = {
			isa = PBXSourcesBuildPhase;
			buildActionMask = 2147483647;
			files = (
				181CA2B52C2ACA1A00FDE4BF /* Double + Extension.swift in Sources */,
				187585402C2D92E400A70FD0 /* BonusView.swift in Sources */,
				181CA2AB2C2AC5DE00FDE4BF /* GameScene.swift in Sources */,
				18F17ED12C2EF2E400EB1A0C /* User.swift in Sources */,
				18D76C1F2C29CC3700225BC5 /* HomeVC.swift in Sources */,
				18F17ECE2C2EF2CE00EB1A0C /* LeadersCell.swift in Sources */,
				1849858E2C2C1D35001E6104 /* StartView.swift in Sources */,
				187585372C2D86E500A70FD0 /* InfoVC.swift in Sources */,
				184985972C2C1F9E001E6104 /* Font + Extension.swift in Sources */,
				181CA2B32C2AC9CD00FDE4BF /* CustomSKButton.swift in Sources */,
				18D76C062C29CBB200225BC5 /* AppDelegate.swift in Sources */,
				1875853E2C2D92E000A70FD0 /* BonusVC.swift in Sources */,
				18D76C212C29CC3B00225BC5 /* HomeView.swift in Sources */,
				181CA2B02C2AC90700FDE4BF /* UD.swift in Sources */,
				187585422C2D92EB00A70FD0 /* ProfileVC.swift in Sources */,
				181CA2AE2C2AC8C600FDE4BF /* Settings.swift in Sources */,
				187FFDCF2C32D74C00D12302 /* GetService.swift in Sources */,
				187FFDCD2C32D72500D12302 /* CreateRequestPayload.swift in Sources */,
				187FFDCA2C32D70B00D12302 /* PostService.swift in Sources */,
				1875854A2C2DA3BF00A70FD0 /* CustomSpinnerSimple.swift in Sources */,
				1849858C2C2C1D31001E6104 /* StartVC.swift in Sources */,
				187585482C2D92F800A70FD0 /* LeadersView.swift in Sources */,
				187FFDC82C32D6FE00D12302 /* AuthService.swift in Sources */,
				181CA2A92C2AC5D800FDE4BF /* GameVC.swift in Sources */,
				187585442C2D92EE00A70FD0 /* ProfileView.swift in Sources */,
				187585392C2D86E800A70FD0 /* InfoView.swift in Sources */,
				18D76C082C29CBB200225BC5 /* SceneDelegate.swift in Sources */,
				187585462C2D92F500A70FD0 /* LeadersVC.swift in Sources */,
				18F17ECC2C2ED88300EB1A0C /* AchiView.swift in Sources */,
			);
			runOnlyForDeploymentPostprocessing = 0;
		};
/* End PBXSourcesBuildPhase section */

/* Begin PBXVariantGroup section */
		18D76C102C29CBB600225BC5 /* LaunchScreen.storyboard */ = {
			isa = PBXVariantGroup;
			children = (
				18D76C112C29CBB600225BC5 /* Base */,
			);
			name = LaunchScreen.storyboard;
			sourceTree = "<group>";
		};
/* End PBXVariantGroup section */

/* Begin XCBuildConfiguration section */
		18D76C142C29CBB600225BC5 /* Debug */ = {
			isa = XCBuildConfiguration;
			buildSettings = {
				ALWAYS_SEARCH_USER_PATHS = NO;
				ASSETCATALOG_COMPILER_GENERATE_SWIFT_ASSET_SYMBOL_EXTENSIONS = YES;
				CLANG_ANALYZER_NONNULL = YES;
				CLANG_ANALYZER_NUMBER_OBJECT_CONVERSION = YES_AGGRESSIVE;
				CLANG_CXX_LANGUAGE_STANDARD = "gnu++20";
				CLANG_ENABLE_MODULES = YES;
				CLANG_ENABLE_OBJC_ARC = YES;
				CLANG_ENABLE_OBJC_WEAK = YES;
				CLANG_WARN_BLOCK_CAPTURE_AUTORELEASING = YES;
				CLANG_WARN_BOOL_CONVERSION = YES;
				CLANG_WARN_COMMA = YES;
				CLANG_WARN_CONSTANT_CONVERSION = YES;
				CLANG_WARN_DEPRECATED_OBJC_IMPLEMENTATIONS = YES;
				CLANG_WARN_DIRECT_OBJC_ISA_USAGE = YES_ERROR;
				CLANG_WARN_DOCUMENTATION_COMMENTS = YES;
				CLANG_WARN_EMPTY_BODY = YES;
				CLANG_WARN_ENUM_CONVERSION = YES;
				CLANG_WARN_INFINITE_RECURSION = YES;
				CLANG_WARN_INT_CONVERSION = YES;
				CLANG_WARN_NON_LITERAL_NULL_CONVERSION = YES;
				CLANG_WARN_OBJC_IMPLICIT_RETAIN_SELF = YES;
				CLANG_WARN_OBJC_LITERAL_CONVERSION = YES;
				CLANG_WARN_OBJC_ROOT_CLASS = YES_ERROR;
				CLANG_WARN_QUOTED_INCLUDE_IN_FRAMEWORK_HEADER = YES;
				CLANG_WARN_RANGE_LOOP_ANALYSIS = YES;
				CLANG_WARN_STRICT_PROTOTYPES = YES;
				CLANG_WARN_SUSPICIOUS_MOVE = YES;
				CLANG_WARN_UNGUARDED_AVAILABILITY = YES_AGGRESSIVE;
				CLANG_WARN_UNREACHABLE_CODE = YES;
				CLANG_WARN__DUPLICATE_METHOD_MATCH = YES;
				COPY_PHASE_STRIP = NO;
				DEBUG_INFORMATION_FORMAT = dwarf;
				ENABLE_STRICT_OBJC_MSGSEND = YES;
				ENABLE_TESTABILITY = YES;
				ENABLE_USER_SCRIPT_SANDBOXING = YES;
				GCC_C_LANGUAGE_STANDARD = gnu17;
				GCC_DYNAMIC_NO_PIC = NO;
				GCC_NO_COMMON_BLOCKS = YES;
				GCC_OPTIMIZATION_LEVEL = 0;
				GCC_PREPROCESSOR_DEFINITIONS = (
					"DEBUG=1",
					"$(inherited)",
				);
				GCC_WARN_64_TO_32_BIT_CONVERSION = YES;
				GCC_WARN_ABOUT_RETURN_TYPE = YES_ERROR;
				GCC_WARN_UNDECLARED_SELECTOR = YES;
				GCC_WARN_UNINITIALIZED_AUTOS = YES_AGGRESSIVE;
				GCC_WARN_UNUSED_FUNCTION = YES;
				GCC_WARN_UNUSED_VARIABLE = YES;
				IPHONEOS_DEPLOYMENT_TARGET = 15.0;
				LOCALIZATION_PREFERS_STRING_CATALOGS = YES;
				MTL_ENABLE_DEBUG_INFO = INCLUDE_SOURCE;
				MTL_FAST_MATH = YES;
				ONLY_ACTIVE_ARCH = YES;
				SDKROOT = iphoneos;
				SWIFT_ACTIVE_COMPILATION_CONDITIONS = "DEBUG $(inherited)";
				SWIFT_OPTIMIZATION_LEVEL = "-Onone";
			};
			name = Debug;
		};
		18D76C152C29CBB600225BC5 /* Release */ = {
			isa = XCBuildConfiguration;
			buildSettings = {
				ALWAYS_SEARCH_USER_PATHS = NO;
				ASSETCATALOG_COMPILER_GENERATE_SWIFT_ASSET_SYMBOL_EXTENSIONS = YES;
				CLANG_ANALYZER_NONNULL = YES;
				CLANG_ANALYZER_NUMBER_OBJECT_CONVERSION = YES_AGGRESSIVE;
				CLANG_CXX_LANGUAGE_STANDARD = "gnu++20";
				CLANG_ENABLE_MODULES = YES;
				CLANG_ENABLE_OBJC_ARC = YES;
				CLANG_ENABLE_OBJC_WEAK = YES;
				CLANG_WARN_BLOCK_CAPTURE_AUTORELEASING = YES;
				CLANG_WARN_BOOL_CONVERSION = YES;
				CLANG_WARN_COMMA = YES;
				CLANG_WARN_CONSTANT_CONVERSION = YES;
				CLANG_WARN_DEPRECATED_OBJC_IMPLEMENTATIONS = YES;
				CLANG_WARN_DIRECT_OBJC_ISA_USAGE = YES_ERROR;
				CLANG_WARN_DOCUMENTATION_COMMENTS = YES;
				CLANG_WARN_EMPTY_BODY = YES;
				CLANG_WARN_ENUM_CONVERSION = YES;
				CLANG_WARN_INFINITE_RECURSION = YES;
				CLANG_WARN_INT_CONVERSION = YES;
				CLANG_WARN_NON_LITERAL_NULL_CONVERSION = YES;
				CLANG_WARN_OBJC_IMPLICIT_RETAIN_SELF = YES;
				CLANG_WARN_OBJC_LITERAL_CONVERSION = YES;
				CLANG_WARN_OBJC_ROOT_CLASS = YES_ERROR;
				CLANG_WARN_QUOTED_INCLUDE_IN_FRAMEWORK_HEADER = YES;
				CLANG_WARN_RANGE_LOOP_ANALYSIS = YES;
				CLANG_WARN_STRICT_PROTOTYPES = YES;
				CLANG_WARN_SUSPICIOUS_MOVE = YES;
				CLANG_WARN_UNGUARDED_AVAILABILITY = YES_AGGRESSIVE;
				CLANG_WARN_UNREACHABLE_CODE = YES;
				CLANG_WARN__DUPLICATE_METHOD_MATCH = YES;
				COPY_PHASE_STRIP = NO;
				DEBUG_INFORMATION_FORMAT = "dwarf-with-dsym";
				ENABLE_NS_ASSERTIONS = NO;
				ENABLE_STRICT_OBJC_MSGSEND = YES;
				ENABLE_USER_SCRIPT_SANDBOXING = YES;
				GCC_C_LANGUAGE_STANDARD = gnu17;
				GCC_NO_COMMON_BLOCKS = YES;
				GCC_WARN_64_TO_32_BIT_CONVERSION = YES;
				GCC_WARN_ABOUT_RETURN_TYPE = YES_ERROR;
				GCC_WARN_UNDECLARED_SELECTOR = YES;
				GCC_WARN_UNINITIALIZED_AUTOS = YES_AGGRESSIVE;
				GCC_WARN_UNUSED_FUNCTION = YES;
				GCC_WARN_UNUSED_VARIABLE = YES;
				IPHONEOS_DEPLOYMENT_TARGET = 15.0;
				LOCALIZATION_PREFERS_STRING_CATALOGS = YES;
				MTL_ENABLE_DEBUG_INFO = NO;
				MTL_FAST_MATH = YES;
				SDKROOT = iphoneos;
				SWIFT_COMPILATION_MODE = wholemodule;
				VALIDATE_PRODUCT = YES;
			};
			name = Release;
		};
		18D76C172C29CBB600225BC5 /* Debug */ = {
			isa = XCBuildConfiguration;
			buildSettings = {
				ASSETCATALOG_COMPILER_APPICON_NAME = AppIcon;
				ASSETCATALOG_COMPILER_GLOBAL_ACCENT_COLOR_NAME = AccentColor;
				CODE_SIGN_STYLE = Automatic;
				CURRENT_PROJECT_VERSION = 1;
				GENERATE_INFOPLIST_FILE = YES;
				INFOPLIST_FILE = colorMatch/Info.plist;
				INFOPLIST_KEY_UIApplicationSupportsIndirectInputEvents = YES;
				INFOPLIST_KEY_UILaunchStoryboardName = LaunchScreen;
				INFOPLIST_KEY_UISupportedInterfaceOrientations_iPad = "UIInterfaceOrientationPortrait UIInterfaceOrientationPortraitUpsideDown UIInterfaceOrientationLandscapeLeft UIInterfaceOrientationLandscapeRight";
				INFOPLIST_KEY_UISupportedInterfaceOrientations_iPhone = "UIInterfaceOrientationPortrait UIInterfaceOrientationLandscapeLeft UIInterfaceOrientationLandscapeRight";
				IPHONEOS_DEPLOYMENT_TARGET = 15.0;
				LD_RUNPATH_SEARCH_PATHS = (
					"$(inherited)",
					"@executable_path/Frameworks",
				);
				MARKETING_VERSION = 1.0;
				PRODUCT_BUNDLE_IDENTIFIER = tsarevichD.colorMatch;
				PRODUCT_NAME = "$(TARGET_NAME)";
				SUPPORTED_PLATFORMS = "iphoneos iphonesimulator";
				SUPPORTS_MACCATALYST = NO;
				SUPPORTS_XR_DESIGNED_FOR_IPHONE_IPAD = NO;
				SWIFT_EMIT_LOC_STRINGS = YES;
				SWIFT_VERSION = 5.0;
				TARGETED_DEVICE_FAMILY = 1;
			};
			name = Debug;
		};
		18D76C182C29CBB600225BC5 /* Release */ = {
			isa = XCBuildConfiguration;
			buildSettings = {
				ASSETCATALOG_COMPILER_APPICON_NAME = AppIcon;
				ASSETCATALOG_COMPILER_GLOBAL_ACCENT_COLOR_NAME = AccentColor;
				CODE_SIGN_STYLE = Automatic;
				CURRENT_PROJECT_VERSION = 1;
				GENERATE_INFOPLIST_FILE = YES;
				INFOPLIST_FILE = colorMatch/Info.plist;
				INFOPLIST_KEY_UIApplicationSupportsIndirectInputEvents = YES;
				INFOPLIST_KEY_UILaunchStoryboardName = LaunchScreen;
				INFOPLIST_KEY_UISupportedInterfaceOrientations_iPad = "UIInterfaceOrientationPortrait UIInterfaceOrientationPortraitUpsideDown UIInterfaceOrientationLandscapeLeft UIInterfaceOrientationLandscapeRight";
				INFOPLIST_KEY_UISupportedInterfaceOrientations_iPhone = "UIInterfaceOrientationPortrait UIInterfaceOrientationLandscapeLeft UIInterfaceOrientationLandscapeRight";
				IPHONEOS_DEPLOYMENT_TARGET = 15.0;
				LD_RUNPATH_SEARCH_PATHS = (
					"$(inherited)",
					"@executable_path/Frameworks",
				);
				MARKETING_VERSION = 1.0;
				PRODUCT_BUNDLE_IDENTIFIER = tsarevichD.colorMatch;
				PRODUCT_NAME = "$(TARGET_NAME)";
				SUPPORTED_PLATFORMS = "iphoneos iphonesimulator";
				SUPPORTS_MACCATALYST = NO;
				SUPPORTS_XR_DESIGNED_FOR_IPHONE_IPAD = NO;
				SWIFT_EMIT_LOC_STRINGS = YES;
				SWIFT_VERSION = 5.0;
				TARGETED_DEVICE_FAMILY = 1;
			};
			name = Release;
		};
/* End XCBuildConfiguration section */

/* Begin XCConfigurationList section */
		18D76BFD2C29CBB200225BC5 /* Build configuration list for PBXProject "colorMatch" */ = {
			isa = XCConfigurationList;
			buildConfigurations = (
				18D76C142C29CBB600225BC5 /* Debug */,
				18D76C152C29CBB600225BC5 /* Release */,
			);
			defaultConfigurationIsVisible = 0;
			defaultConfigurationName = Release;
		};
		18D76C162C29CBB600225BC5 /* Build configuration list for PBXNativeTarget "colorMatch" */ = {
			isa = XCConfigurationList;
			buildConfigurations = (
				18D76C172C29CBB600225BC5 /* Debug */,
				18D76C182C29CBB600225BC5 /* Release */,
			);
			defaultConfigurationIsVisible = 0;
			defaultConfigurationName = Release;
		};
/* End XCConfigurationList section */

/* Begin XCRemoteSwiftPackageReference section */
		18D76C222C29CD2100225BC5 /* XCRemoteSwiftPackageReference "SnapKit" */ = {
			isa = XCRemoteSwiftPackageReference;
			repositoryURL = "https://github.com/SnapKit/SnapKit";
			requirement = {
				kind = upToNextMajorVersion;
				minimumVersion = 5.7.1;
			};
		};
/* End XCRemoteSwiftPackageReference section */

/* Begin XCSwiftPackageProductDependency section */
		18D76C232C29CD2100225BC5 /* SnapKit */ = {
			isa = XCSwiftPackageProductDependency;
			package = 18D76C222C29CD2100225BC5 /* XCRemoteSwiftPackageReference "SnapKit" */;
			productName = SnapKit;
		};
/* End XCSwiftPackageProductDependency section */
	};
	rootObject = 18D76BFA2C29CBB200225BC5 /* Project object */;
}
